Microsoft Visual Studio Solution File, Format Version 11.00
# Visual Studio 2010
Project("{AFC87193-C7CD-D8CF-CFCD-9C8D29E74DCB}") = "Test", "Test.vcxproj", "{AD2171E0-4023-93F1-5144-2AFEC99552F2}"
EndProject
Global
	GlobalSection(SolutionConfigurationPlatforms) = preSolution
		Debug|Win32 = Debug|Win32
		Release|Win32 = Release|Win32
	EndGlobalSection
	GlobalSection(ProjectConfigurationPlatforms) = postSolution
		{AD2171E0-4023-93F1-5144-2AFEC99552F2}.Debug|Win32.ActiveCfg = Debug|Win32
		{AD2171E0-4023-93F1-5144-2AFEC99552F2}.Debug|Win32.Build.0 = Debug|Win32
		{AD2171E0-4023-93F1-5144-2AFEC99552F2}.Release|Win32.ActiveCfg = Release|Win32
		{AD2171E0-4023-93F1-5144-2AFEC99552F2}.Release|Win32.Build.0 = Release|Win32
	EndGlobalSection
	GlobalSection(SolutionProperties) = preSolution
		HideSolutionNode = FALSE
	EndGlobalSection
EndGlobal
